
Microsoft Visual Studio Solution File, Format Version 12.00
# Visual Studio 15
Project("{FAE04EC0-301F-11D3-BF4B-00C04F79EFBC}") = "cse448_web", "cse448_web\cse448_web.csproj", "{6170A9A1-378E-46EF-B54D-FE6308BB01B0}"
EndProject
Global
	GlobalSection(SolutionConfigurationPlatforms) = preSolution
		Debug|Any CPU = Debug|Any CPU
		Release|Any CPU = Release|Any CPU
	EndGlobalSection
	GlobalSection(ProjectConfigurationPlatforms) = postSolution
		{6170A9A1-378E-46EF-B54D-FE6308BB01B0}.Debug|Any CPU.ActiveCfg = Debug|Any CPU
		{6170A9A1-378E-46EF-B54D-FE6308BB01B0}.Debug|Any CPU.Build.0 = Debug|Any CPU
		{6170A9A1-378E-46EF-B54D-FE6308BB01B0}.Release|Any CPU.ActiveCfg = Release|Any CPU
		{6170A9A1-378E-46EF-B54D-FE6308BB01B0}.Release|Any CPU.Build.0 = Release|Any CPU
	EndGlobalSection
EndGlobal
